
Microsoft Visual Studio Solution File, Format Version 12.00
# Visual Studio 2012
Project("{FAE04EC0-301F-11D3-BF4B-00C04F79EFBC}") = "Particles", "Particles\Particles.csproj", "{69DAC6E5-B836-4407-A1FE-C87A03BDF94B}"
EndProject
Global
	GlobalSection(SolutionConfigurationPlatforms) = preSolution
		Debug|Any CPU = Debug|Any CPU
		Release|Any CPU = Release|Any CPU
		AppStore|Any CPU = AppStore|Any CPU
	EndGlobalSection
	GlobalSection(ProjectConfigurationPlatforms) = postSolution
		{69DAC6E5-B836-4407-A1FE-C87A03BDF94B}.AppStore|Any CPU.ActiveCfg = AppStore|Any CPU
		{69DAC6E5-B836-4407-A1FE-C87A03BDF94B}.AppStore|Any CPU.Build.0 = AppStore|Any CPU
		{69DAC6E5-B836-4407-A1FE-C87A03BDF94B}.Debug|Any CPU.ActiveCfg = Debug|Any CPU
		{69DAC6E5-B836-4407-A1FE-C87A03BDF94B}.Debug|Any CPU.Build.0 = Debug|Any CPU
		{69DAC6E5-B836-4407-A1FE-C87A03BDF94B}.Release|Any CPU.ActiveCfg = Release|Any CPU
		{69DAC6E5-B836-4407-A1FE-C87A03BDF94B}.Release|Any CPU.Build.0 = Release|Any CPU
	EndGlobalSection
EndGlobal
